# Generated by pub
# See https://dart.dev/tools/pub/glossary#lockfile
packages:
  charcode:
    dependency: transitive
    description:
      name: charcode
      sha256: fb98c0f6d12c920a02ee2d998da788bca066ca5f148492b7085ee23372b12306
      url: "https://pub.dev"
    source: hosted
    version: "1.3.1"
  collection:
    dependency: transitive
    description:
      name: collection
      sha256: cfc915e6923fe5ce6e153b0723c753045de46de1b4d63771530504004a45fae0
      url: "https://pub.dev"
    source: hosted
    version: "1.17.0"
  convert:
    dependency: "direct main"
    description:
      path: "convert-2.1.1"
      relative: true
    source: path
    version: "2.1.1"
  crypto:
    dependency: "direct main"
    description:
      path: "pbkdf2_dart-2.1.0/crypto-3.0.2"
      relative: true
    source: path
    version: "3.0.2"
  fixnum:
    dependency: transitive
    description:
      path: "protobuf-0.13.16+1/fixnum-0.10.11"
      relative: true
    source: path
    version: "0.10.11"
  meta:
    dependency: "direct overridden"
    description:
      name: meta
      sha256: "5fc3139fe61eba21fdaabcfd8e4cd4d1a75b925587505f44002937070a4e93d4"
      url: "https://pub.dev"
    source: hosted
    version: "1.6.0"
  pbkdf2_dart:
    dependency: "direct main"
    description:
      path: "pbkdf2_dart-2.1.0"
      relative: true
    source: path
    version: "2.1.0"
  pedantic:
    dependency: "direct dev"
    description:
      name: pedantic
      sha256: "67fc27ed9639506c856c840ccce7594d0bdcd91bc8d53d6e52359449a1d50602"
      url: "https://pub.dev"
    source: hosted
    version: "1.11.1"
  protobuf:
    dependency: "direct main"
    description:
      path: "protobuf-0.13.16+1"
      relative: true
    source: path
    version: "0.13.16+1"
  typed_data:
    dependency: transitive
    description:
      name: typed_data
      sha256: "26f87ade979c47a150c9eaab93ccd2bebe70a27dc0b4b29517f2904f04eb11a5"
      url: "https://pub.dev"
    source: hosted
    version: "1.3.1"
sdks:
  dart: ">=2.14.0 <3.1.0"
